// !$*UTF8*$!
{
	archiveVersion = 1;
	classes = {
	};
	objectVersion = 56;
	objects = {

/* Begin PBXBuildFile section */
		EB5AA15929716F5400145765 /* Tic_Tac_ToeApp.swift in Sources */ = {isa = PBXBuildFile; fileRef = EB5AA15829716F5400145765 /* Tic_Tac_ToeApp.swift */; };
		EB5AA15B29716F5400145765 /* GameView.swift in Sources */ = {isa = PBXBuildFile; fileRef = EB5AA15A29716F5400145765 /* GameView.swift */; };
		EB5AA15D29716F5B00145765 /* Assets.xcassets in Resources */ = {isa = PBXBuildFile; fileRef = EB5AA15C29716F5B00145765 /* Assets.xcassets */; };
		EB5AA16029716F5B00145765 /* Preview Assets.xcassets in Resources */ = {isa = PBXBuildFile; fileRef = EB5AA15F29716F5B00145765 /* Preview Assets.xcassets */; };
		EB5AA16A29716F5B00145765 /* Tic_Tac_ToeTests.swift in Sources */ = {isa = PBXBuildFile; fileRef = EB5AA16929716F5B00145765 /* Tic_Tac_ToeTests.swift */; };
		EB5AA17429716F5B00145765 /* Tic_Tac_ToeUITests.swift in Sources */ = {isa = PBXBuildFile; fileRef = EB5AA17329716F5B00145765 /* Tic_Tac_ToeUITests.swift */; };
		EB5AA17629716F5B00145765 /* Tic_Tac_ToeUITestsLaunchTests.swift in Sources */ = {isa = PBXBuildFile; fileRef = EB5AA17529716F5B00145765 /* Tic_Tac_ToeUITestsLaunchTests.swift */; };
		EB5AA183297599D900145765 /* Alerts.swift in Sources */ = {isa = PBXBuildFile; fileRef = EB5AA182297599D900145765 /* Alerts.swift */; };
		EB5AA1852975AA5800145765 /* GameViewModel.swift in Sources */ = {isa = PBXBuildFile; fileRef = EB5AA1842975AA5800145765 /* GameViewModel.swift */; };
/* End PBXBuildFile section */

/* Begin PBXContainerItemProxy section */
		EB5AA16629716F5B00145765 /* PBXContainerItemProxy */ = {
			isa = PBXContainerItemProxy;
			containerPortal = EB5AA14D29716F5400145765 /* Project object */;
			proxyType = 1;
			remoteGlobalIDString = EB5AA15429716F5400145765;
			remoteInfo = Tic_Tac_Toe;
		};
		EB5AA17029716F5B00145765 /* PBXContainerItemProxy */ = {
			isa = PBXContainerItemProxy;
			containerPortal = EB5AA14D29716F5400145765 /* Project object */;
			proxyType = 1;
			remoteGlobalIDString = EB5AA15429716F5400145765;
			remoteInfo = Tic_Tac_Toe;
		};
/* End PBXContainerItemProxy section */

/* Begin PBXFileReference section */
		EB5AA15529716F5400145765 /* Tic_Tac_Toe.app */ = {isa = PBXFileReference; explicitFileType = wrapper.application; includeInIndex = 0; path = Tic_Tac_Toe.app; sourceTree = BUILT_PRODUCTS_DIR; };
		EB5AA15829716F5400145765 /* Tic_Tac_ToeApp.swift */ = {isa = PBXFileReference; lastKnownFileType = sourcecode.swift; path = Tic_Tac_ToeApp.swift; sourceTree = "<group>"; };
		EB5AA15A29716F5400145765 /* GameView.swift */ = {isa = PBXFileReference; lastKnownFileType = sourcecode.swift; path = GameView.swift; sourceTree = "<group>"; };
		EB5AA15C29716F5B00145765 /* Assets.xcassets */ = {isa = PBXFileReference; lastKnownFileType = folder.assetcatalog; path = Assets.xcassets; sourceTree = "<group>"; };
		EB5AA15F29716F5B00145765 /* Preview Assets.xcassets */ = {isa = PBXFileReference; lastKnownFileType = folder.assetcatalog; path = "Preview Assets.xcassets"; sourceTree = "<group>"; };
		EB5AA16529716F5B00145765 /* Tic_Tac_ToeTests.xctest */ = {isa = PBXFileReference; explicitFileType = wrapper.cfbundle; includeInIndex = 0; path = Tic_Tac_ToeTests.xctest; sourceTree = BUILT_PRODUCTS_DIR; };
		EB5AA16929716F5B00145765 /* Tic_Tac_ToeTests.swift */ = {isa = PBXFileReference; lastKnownFileType = sourcecode.swift; path = Tic_Tac_ToeTests.swift; sourceTree = "<group>"; };
		EB5AA16F29716F5B00145765 /* Tic_Tac_ToeUITests.xctest */ = {isa = PBXFileReference; explicitFileType = wrapper.cfbundle; includeInIndex = 0; path = Tic_Tac_ToeUITests.xctest; sourceTree = BUILT_PRODUCTS_DIR; };
		EB5AA17329716F5B00145765 /* Tic_Tac_ToeUITests.swift */ = {isa = PBXFileReference; lastKnownFileType = sourcecode.swift; path = Tic_Tac_ToeUITests.swift; sourceTree = "<group>"; };
		EB5AA17529716F5B00145765 /* Tic_Tac_ToeUITestsLaunchTests.swift */ = {isa = PBXFileReference; lastKnownFileType = sourcecode.swift; path = Tic_Tac_ToeUITestsLaunchTests.swift; sourceTree = "<group>"; };
		EB5AA182297599D900145765 /* Alerts.swift */ = {isa = PBXFileReference; lastKnownFileType = sourcecode.swift; path = Alerts.swift; sourceTree = "<group>"; };
		EB5AA1842975AA5800145765 /* GameViewModel.swift */ = {isa = PBXFileReference; lastKnownFileType = sourcecode.swift; path = GameViewModel.swift; sourceTree = "<group>"; };
/* End PBXFileReference section */

/* Begin PBXFrameworksBuildPhase section */
		EB5AA15229716F5400145765 /* Frameworks */ = {
			isa = PBXFrameworksBuildPhase;
			buildActionMask = 2147483647;
			files = (
			);
			runOnlyForDeploymentPostprocessing = 0;
		};
		EB5AA16229716F5B00145765 /* Frameworks */ = {
			isa = PBXFrameworksBuildPhase;
			buildActionMask = 2147483647;
			files = (
			);
			runOnlyForDeploymentPostprocessing = 0;
		};
		EB5AA16C29716F5B00145765 /* Frameworks */ = {
			isa = PBXFrameworksBuildPhase;
			buildActionMask = 2147483647;
			files = (
			);
			runOnlyForDeploymentPostprocessing = 0;
		};
/* End PBXFrameworksBuildPhase section */

/* Begin PBXGroup section */
		EB5AA14C29716F5400145765 = {
			isa = PBXGroup;
			children = (
				EB5AA15729716F5400145765 /* Tic_Tac_Toe */,
				EB5AA16829716F5B00145765 /* Tic_Tac_ToeTests */,
				EB5AA17229716F5B00145765 /* Tic_Tac_ToeUITests */,
				EB5AA15629716F5400145765 /* Products */,
			);
			sourceTree = "<group>";
		};
		EB5AA15629716F5400145765 /* Products */ = {
			isa = PBXGroup;
			children = (
				EB5AA15529716F5400145765 /* Tic_Tac_Toe.app */,
				EB5AA16529716F5B00145765 /* Tic_Tac_ToeTests.xctest */,
				EB5AA16F29716F5B00145765 /* Tic_Tac_ToeUITests.xctest */,
			);
			name = Products;
			sourceTree = "<group>";
		};
		EB5AA15729716F5400145765 /* Tic_Tac_Toe */ = {
			isa = PBXGroup;
			children = (
				EB5AA15829716F5400145765 /* Tic_Tac_ToeApp.swift */,
				EB5AA15A29716F5400145765 /* GameView.swift */,
				EB5AA15C29716F5B00145765 /* Assets.xcassets */,
				EB5AA15E29716F5B00145765 /* Preview Content */,
				EB5AA182297599D900145765 /* Alerts.swift */,
				EB5AA1842975AA5800145765 /* GameViewModel.swift */,
			);
			path = Tic_Tac_Toe;
			sourceTree = "<group>";
		};
		EB5AA15E29716F5B00145765 /* Preview Content */ = {
			isa = PBXGroup;
			children = (
				EB5AA15F29716F5B00145765 /* Preview Assets.xcassets */,
			);
			path = "Preview Content";
			sourceTree = "<group>";
		};
		EB5AA16829716F5B00145765 /* Tic_Tac_ToeTests */ = {
			isa = PBXGroup;
			children = (
				EB5AA16929716F5B00145765 /* Tic_Tac_ToeTests.swift */,
			);
			path = Tic_Tac_ToeTests;
			sourceTree = "<group>";
		};
		EB5AA17229716F5B00145765 /* Tic_Tac_ToeUITests */ = {
			isa = PBXGroup;
			children = (
				EB5AA17329716F5B00145765 /* Tic_Tac_ToeUITests.swift */,
				EB5AA17529716F5B00145765 /* Tic_Tac_ToeUITestsLaunchTests.swift */,
			);
			path = Tic_Tac_ToeUITests;
			sourceTree = "<group>";
		};
/* End PBXGroup section */

/* Begin PBXNativeTarget section */
		EB5AA15429716F5400145765 /* Tic_Tac_Toe */ = {
			isa = PBXNativeTarget;
			buildConfigurationList = EB5AA17929716F5C00145765 /* Build configuration list for PBXNativeTarget "Tic_Tac_Toe" */;
			buildPhases = (
				EB5AA15129716F5400145765 /* Sources */,
				EB5AA15229716F5400145765 /* Frameworks */,
				EB5AA15329716F5400145765 /* Resources */,
			);
			buildRules = (
			);
			dependencies = (
			);
			name = Tic_Tac_Toe;
			productName = Tic_Tac_Toe;
			productReference = EB5AA15529716F5400145765 /* Tic_Tac_Toe.app */;
			productType = "com.apple.product-type.application";
		};
		EB5AA16429716F5B00145765 /* Tic_Tac_ToeTests */ = {
			isa = PBXNativeTarget;
			buildConfigurationList = EB5AA17C29716F5C00145765 /* Build configuration list for PBXNativeTarget "Tic_Tac_ToeTests" */;
			buildPhases = (
				EB5AA16129716F5B00145765 /* Sources */,
				EB5AA16229716F5B00145765 /* Frameworks */,
				EB5AA16329716F5B00145765 /* Resources */,
			);
			buildRules = (
			);
			dependencies = (
				EB5AA16729716F5B00145765 /* PBXTargetDependency */,
			);
			name = Tic_Tac_ToeTests;
			productName = Tic_Tac_ToeTests;
			productReference = EB5AA16529716F5B00145765 /* Tic_Tac_ToeTests.xctest */;
			productType = "com.apple.product-type.bundle.unit-test";
		};
		EB5AA16E29716F5B00145765 /* Tic_Tac_ToeUITests */ = {
			isa = PBXNativeTarget;
			buildConfigurationList = EB5AA17F29716F5C00145765 /* Build configuration list for PBXNativeTarget "Tic_Tac_ToeUITests" */;
			buildPhases = (
				EB5AA16B29716F5B00145765 /* Sources */,
				EB5AA16C29716F5B00145765 /* Frameworks */,
				EB5AA16D29716F5B00145765 /* Resources */,
			);
			buildRules = (
			);
			dependencies = (
				EB5AA17129716F5B00145765 /* PBXTargetDependency */,
			);
			name = Tic_Tac_ToeUITests;
			productName = Tic_Tac_ToeUITests;
			productReference = EB5AA16F29716F5B00145765 /* Tic_Tac_ToeUITests.xctest */;
			productType = "com.apple.product-type.bundle.ui-testing";
		};
/* End PBXNativeTarget section */

/* Begin PBXProject section */
		EB5AA14D29716F5400145765 /* Project object */ = {
			isa = PBXProject;
			attributes = {
				BuildIndependentTargetsInParallel = 1;
				LastSwiftUpdateCheck = 1400;
				LastUpgradeCheck = 1400;
				TargetAttributes = {
					EB5AA15429716F5400145765 = {
						CreatedOnToolsVersion = 14.0.1;
					};
					EB5AA16429716F5B00145765 = {
						CreatedOnToolsVersion = 14.0.1;
						TestTargetID = EB5AA15429716F5400145765;
					};
					EB5AA16E29716F5B00145765 = {
						CreatedOnToolsVersion = 14.0.1;
						TestTargetID = EB5AA15429716F5400145765;
					};
				};
			};
			buildConfigurationList = EB5AA15029716F5400145765 /* Build configuration list for PBXProject "Tic_Tac_Toe" */;
			compatibilityVersion = "Xcode 14.0";
			developmentRegion = en;
			hasScannedForEncodings = 0;
			knownRegions = (
				en,
				Base,
			);
			mainGroup = EB5AA14C29716F5400145765;
			productRefGroup = EB5AA15629716F5400145765 /* Products */;
			projectDirPath = "";
			projectRoot = "";
			targets = (
				EB5AA15429716F5400145765 /* Tic_Tac_Toe */,
				EB5AA16429716F5B00145765 /* Tic_Tac_ToeTests */,
				EB5AA16E29716F5B00145765 /* Tic_Tac_ToeUITests */,
			);
		};
/* End PBXProject section */

/* Begin PBXResourcesBuildPhase section */
		EB5AA15329716F5400145765 /* Resources */ = {
			isa = PBXResourcesBuildPhase;
			buildActionMask = 2147483647;
			files = (
				EB5AA16029716F5B00145765 /* Preview Assets.xcassets in Resources */,
				EB5AA15D29716F5B00145765 /* Assets.xcassets in Resources */,
			);
			runOnlyForDeploymentPostprocessing = 0;
		};
		EB5AA16329716F5B00145765 /* Resources */ = {
			isa = PBXResourcesBuildPhase;
			buildActionMask = 2147483647;
			files = (
			);
			runOnlyForDeploymentPostprocessing = 0;
		};
		EB5AA16D29716F5B00145765 /* Resources */ = {
			isa = PBXResourcesBuildPhase;
			buildActionMask = 2147483647;
			files = (
			);
			runOnlyForDeploymentPostprocessing = 0;
		};
/* End PBXResourcesBuildPhase section */

/* Begin PBXSourcesBuildPhase section */
		EB5AA15129716F5400145765 /* Sources */ = {
			isa = PBXSourcesBuildPhase;
			buildActionMask = 2147483647;
			files = (
				EB5AA1852975AA5800145765 /* GameViewModel.swift in Sources */,
				EB5AA15B29716F5400145765 /* GameView.swift in Sources */,
				EB5AA183297599D900145765 /* Alerts.swift in Sources */,
				EB5AA15929716F5400145765 /* Tic_Tac_ToeApp.swift in Sources */,
			);
			runOnlyForDeploymentPostprocessing = 0;
		};
		EB5AA16129716F5B00145765 /* Sources */ = {
			isa = PBXSourcesBuildPhase;
			buildActionMask = 2147483647;
			files = (
				EB5AA16A29716F5B00145765 /* Tic_Tac_ToeTests.swift in Sources */,
			);
			runOnlyForDeploymentPostprocessing = 0;
		};
		EB5AA16B29716F5B00145765 /* Sources */ = {
			isa = PBXSourcesBuildPhase;
			buildActionMask = 2147483647;
			files = (
				EB5AA17429716F5B00145765 /* Tic_Tac_ToeUITests.swift in Sources */,
				EB5AA17629716F5B00145765 /* Tic_Tac_ToeUITestsLaunchTests.swift in Sources */,
			);
			runOnlyForDeploymentPostprocessing = 0;
		};
/* End PBXSourcesBuildPhase section */

/* Begin PBXTargetDependency section */
		EB5AA16729716F5B00145765 /* PBXTargetDependency */ = {
			isa = PBXTargetDependency;
			target = EB5AA15429716F5400145765 /* Tic_Tac_Toe */;
			targetProxy = EB5AA16629716F5B00145765 /* PBXContainerItemProxy */;
		};
		EB5AA17129716F5B00145765 /* PBXTargetDependency */ = {
			isa = PBXTargetDependency;
			target = EB5AA15429716F5400145765 /* Tic_Tac_Toe */;
			targetProxy = EB5AA17029716F5B00145765 /* PBXContainerItemProxy */;
		};
/* End PBXTargetDependency section */

/* Begin XCBuildConfiguration section */
		EB5AA17729716F5C00145765 /* Debug */ = {
			isa = XCBuildConfiguration;
			buildSettings = {
				ALWAYS_SEARCH_USER_PATHS = NO;
				CLANG_ANALYZER_NONNULL = YES;
				CLANG_ANALYZER_NUMBER_OBJECT_CONVERSION = YES_AGGRESSIVE;
				CLANG_CXX_LANGUAGE_STANDARD = "gnu++20";
				CLANG_ENABLE_MODULES = YES;
				CLANG_ENABLE_OBJC_ARC = YES;
				CLANG_ENABLE_OBJC_WEAK = YES;
				CLANG_WARN_BLOCK_CAPTURE_AUTORELEASING = YES;
				CLANG_WARN_BOOL_CONVERSION = YES;
				CLANG_WARN_COMMA = YES;
				CLANG_WARN_CONSTANT_CONVERSION = YES;
				CLANG_WARN_DEPRECATED_OBJC_IMPLEMENTATIONS = YES;
				CLANG_WARN_DIRECT_OBJC_ISA_USAGE = YES_ERROR;
				CLANG_WARN_DOCUMENTATION_COMMENTS = YES;
				CLANG_WARN_EMPTY_BODY = YES;
				CLANG_WARN_ENUM_CONVERSION = YES;
				CLANG_WARN_INFINITE_RECURSION = YES;
				CLANG_WARN_INT_CONVERSION = YES;
				CLANG_WARN_NON_LITERAL_NULL_CONVERSION = YES;
				CLANG_WARN_OBJC_IMPLICIT_RETAIN_SELF = YES;
				CLANG_WARN_OBJC_LITERAL_CONVERSION = YES;
				CLANG_WARN_OBJC_ROOT_CLASS = YES_ERROR;
				CLANG_WARN_QUOTED_INCLUDE_IN_FRAMEWORK_HEADER = YES;
				CLANG_WARN_RANGE_LOOP_ANALYSIS = YES;
				CLANG_WARN_STRICT_PROTOTYPES = YES;
				CLANG_WARN_SUSPICIOUS_MOVE = YES;
				CLANG_WARN_UNGUARDED_AVAILABILITY = YES_AGGRESSIVE;
				CLANG_WARN_UNREACHABLE_CODE = YES;
				CLANG_WARN__DUPLICATE_METHOD_MATCH = YES;
				COPY_PHASE_STRIP = NO;
				DEBUG_INFORMATION_FORMAT = dwarf;
				ENABLE_STRICT_OBJC_MSGSEND = YES;
				ENABLE_TESTABILITY = YES;
				GCC_C_LANGUAGE_STANDARD = gnu11;
				GCC_DYNAMIC_NO_PIC = NO;
				GCC_NO_COMMON_BLOCKS = YES;
				GCC_OPTIMIZATION_LEVEL = 0;
				GCC_PREPROCESSOR_DEFINITIONS = (
					"DEBUG=1",
					"$(inherited)",
				);
				GCC_WARN_64_TO_32_BIT_CONVERSION = YES;
				GCC_WARN_ABOUT_RETURN_TYPE = YES_ERROR;
				GCC_WARN_UNDECLARED_SELECTOR = YES;
				GCC_WARN_UNINITIALIZED_AUTOS = YES_AGGRESSIVE;
				GCC_WARN_UNUSED_FUNCTION = YES;
				GCC_WARN_UNUSED_VARIABLE = YES;
				IPHONEOS_DEPLOYMENT_TARGET = 16.0;
				MTL_ENABLE_DEBUG_INFO = INCLUDE_SOURCE;
				MTL_FAST_MATH = YES;
				ONLY_ACTIVE_ARCH = YES;
				SDKROOT = iphoneos;
				SWIFT_ACTIVE_COMPILATION_CONDITIONS = DEBUG;
				SWIFT_OPTIMIZATION_LEVEL = "-Onone";
			};
			name = Debug;
		};
		EB5AA17829716F5C00145765 /* Release */ = {
			isa = XCBuildConfiguration;
			buildSettings = {
				ALWAYS_SEARCH_USER_PATHS = NO;
				CLANG_ANALYZER_NONNULL = YES;
				CLANG_ANALYZER_NUMBER_OBJECT_CONVERSION = YES_AGGRESSIVE;
				CLANG_CXX_LANGUAGE_STANDARD = "gnu++20";
				CLANG_ENABLE_MODULES = YES;
				CLANG_ENABLE_OBJC_ARC = YES;
				CLANG_ENABLE_OBJC_WEAK = YES;
				CLANG_WARN_BLOCK_CAPTURE_AUTORELEASING = YES;
				CLANG_WARN_BOOL_CONVERSION = YES;
				CLANG_WARN_COMMA = YES;
				CLANG_WARN_CONSTANT_CONVERSION = YES;
				CLANG_WARN_DEPRECATED_OBJC_IMPLEMENTATIONS = YES;
				CLANG_WARN_DIRECT_OBJC_ISA_USAGE = YES_ERROR;
				CLANG_WARN_DOCUMENTATION_COMMENTS = YES;
				CLANG_WARN_EMPTY_BODY = YES;
				CLANG_WARN_ENUM_CONVERSION = YES;
				CLANG_WARN_INFINITE_RECURSION = YES;
				CLANG_WARN_INT_CONVERSION = YES;
				CLANG_WARN_NON_LITERAL_NULL_CONVERSION = YES;
				CLANG_WARN_OBJC_IMPLICIT_RETAIN_SELF = YES;
				CLANG_WARN_OBJC_LITERAL_CONVERSION = YES;
				CLANG_WARN_OBJC_ROOT_CLASS = YES_ERROR;
				CLANG_WARN_QUOTED_INCLUDE_IN_FRAMEWORK_HEADER = YES;
				CLANG_WARN_RANGE_LOOP_ANALYSIS = YES;
				CLANG_WARN_STRICT_PROTOTYPES = YES;
				CLANG_WARN_SUSPICIOUS_MOVE = YES;
				CLANG_WARN_UNGUARDED_AVAILABILITY = YES_AGGRESSIVE;
				CLANG_WARN_UNREACHABLE_CODE = YES;
				CLANG_WARN__DUPLICATE_METHOD_MATCH = YES;
				COPY_PHASE_STRIP = NO;
				DEBUG_INFORMATION_FORMAT = "dwarf-with-dsym";
				ENABLE_NS_ASSERTIONS = NO;
				ENABLE_STRICT_OBJC_MSGSEND = YES;
				GCC_C_LANGUAGE_STANDARD = gnu11;
				GCC_NO_COMMON_BLOCKS = YES;
				GCC_WARN_64_TO_32_BIT_CONVERSION = YES;
				GCC_WARN_ABOUT_RETURN_TYPE = YES_ERROR;
				GCC_WARN_UNDECLARED_SELECTOR = YES;
				GCC_WARN_UNINITIALIZED_AUTOS = YES_AGGRESSIVE;
				GCC_WARN_UNUSED_FUNCTION = YES;
				GCC_WARN_UNUSED_VARIABLE = YES;
				IPHONEOS_DEPLOYMENT_TARGET = 16.0;
				MTL_ENABLE_DEBUG_INFO = NO;
				MTL_FAST_MATH = YES;
				SDKROOT = iphoneos;
				SWIFT_COMPILATION_MODE = wholemodule;
				SWIFT_OPTIMIZATION_LEVEL = "-O";
				VALIDATE_PRODUCT = YES;
			};
			name = Release;
		};
		EB5AA17A29716F5C00145765 /* Debug */ = {
			isa = XCBuildConfiguration;
			buildSettings = {
				ASSETCATALOG_COMPILER_APPICON_NAME = AppIcon;
				ASSETCATALOG_COMPILER_GLOBAL_ACCENT_COLOR_NAME = AccentColor;
				CODE_SIGN_STYLE = Automatic;
				CURRENT_PROJECT_VERSION = 1;
				DEVELOPMENT_ASSET_PATHS = "\"Tic_Tac_Toe/Preview Content\"";
				DEVELOPMENT_TEAM = WKR6YG78R4;
				ENABLE_PREVIEWS = YES;
				GENERATE_INFOPLIST_FILE = YES;
				INFOPLIST_KEY_UIApplicationSceneManifest_Generation = YES;
				INFOPLIST_KEY_UIApplicationSupportsIndirectInputEvents = YES;
				INFOPLIST_KEY_UILaunchScreen_Generation = YES;
				INFOPLIST_KEY_UISupportedInterfaceOrientations_iPad = "UIInterfaceOrientationPortrait UIInterfaceOrientationPortraitUpsideDown UIInterfaceOrientationLandscapeLeft UIInterfaceOrientationLandscapeRight";
				INFOPLIST_KEY_UISupportedInterfaceOrientations_iPhone = "UIInterfaceOrientationPortrait UIInterfaceOrientationLandscapeLeft UIInterfaceOrientationLandscapeRight";
				LD_RUNPATH_SEARCH_PATHS = (
					"$(inherited)",
					"@executable_path/Frameworks",
				);
				MARKETING_VERSION = 1.0;
				PRODUCT_BUNDLE_IDENTIFIER = "ios.Tic-Tac-Toe";
				PRODUCT_NAME = "$(TARGET_NAME)";
				SWIFT_EMIT_LOC_STRINGS = YES;
				SWIFT_VERSION = 5.0;
				TARGETED_DEVICE_FAMILY = "1,2";
			};
			name = Debug;
		};
		EB5AA17B29716F5C00145765 /* Release */ = {
			isa = XCBuildConfiguration;
			buildSettings = {
				ASSETCATALOG_COMPILER_APPICON_NAME = AppIcon;
				ASSETCATALOG_COMPILER_GLOBAL_ACCENT_COLOR_NAME = AccentColor;
				CODE_SIGN_STYLE = Automatic;
				CURRENT_PROJECT_VERSION = 1;
				DEVELOPMENT_ASSET_PATHS = "\"Tic_Tac_Toe/Preview Content\"";
				DEVELOPMENT_TEAM = WKR6YG78R4;
				ENABLE_PREVIEWS = YES;
				GENERATE_INFOPLIST_FILE = YES;
				INFOPLIST_KEY_UIApplicationSceneManifest_Generation = YES;
				INFOPLIST_KEY_UIApplicationSupportsIndirectInputEvents = YES;
				INFOPLIST_KEY_UILaunchScreen_Generation = YES;
				INFOPLIST_KEY_UISupportedInterfaceOrientations_iPad = "UIInterfaceOrientationPortrait UIInterfaceOrientationPortraitUpsideDown UIInterfaceOrientationLandscapeLeft UIInterfaceOrientationLandscapeRight";
				INFOPLIST_KEY_UISupportedInterfaceOrientations_iPhone = "UIInterfaceOrientationPortrait UIInterfaceOrientationLandscapeLeft UIInterfaceOrientationLandscapeRight";
				LD_RUNPATH_SEARCH_PATHS = (
					"$(inherited)",
					"@executable_path/Frameworks",
				);
				MARKETING_VERSION = 1.0;
				PRODUCT_BUNDLE_IDENTIFIER = "ios.Tic-Tac-Toe";
				PRODUCT_NAME = "$(TARGET_NAME)";
				SWIFT_EMIT_LOC_STRINGS = YES;
				SWIFT_VERSION = 5.0;
				TARGETED_DEVICE_FAMILY = "1,2";
			};
			name = Release;
		};
		EB5AA17D29716F5C00145765 /* Debug */ = {
			isa = XCBuildConfiguration;
			buildSettings = {
				ALWAYS_EMBED_SWIFT_STANDARD_LIBRARIES = YES;
				BUNDLE_LOADER = "$(TEST_HOST)";
				CODE_SIGN_STYLE = Automatic;
				CURRENT_PROJECT_VERSION = 1;
				DEVELOPMENT_TEAM = WKR6YG78R4;
				GENERATE_INFOPLIST_FILE = YES;
				IPHONEOS_DEPLOYMENT_TARGET = 16.0;
				MARKETING_VERSION = 1.0;
				PRODUCT_BUNDLE_IDENTIFIER = "ios.Tic-Tac-ToeTests";
				PRODUCT_NAME = "$(TARGET_NAME)";
				SWIFT_EMIT_LOC_STRINGS = NO;
				SWIFT_VERSION = 5.0;
				TARGETED_DEVICE_FAMILY = "1,2";
				TEST_HOST = "$(BUILT_PRODUCTS_DIR)/Tic_Tac_Toe.app/$(BUNDLE_EXECUTABLE_FOLDER_PATH)/Tic_Tac_Toe";
			};
			name = Debug;
		};
		EB5AA17E29716F5C00145765 /* Release */ = {
			isa = XCBuildConfiguration;
			buildSettings = {
				ALWAYS_EMBED_SWIFT_STANDARD_LIBRARIES = YES;
				BUNDLE_LOADER = "$(TEST_HOST)";
				CODE_SIGN_STYLE = Automatic;
				CURRENT_PROJECT_VERSION = 1;
				DEVELOPMENT_TEAM = WKR6YG78R4;
				GENERATE_INFOPLIST_FILE = YES;
				IPHONEOS_DEPLOYMENT_TARGET = 16.0;
				MARKETING_VERSION = 1.0;
				PRODUCT_BUNDLE_IDENTIFIER = "ios.Tic-Tac-ToeTests";
				PRODUCT_NAME = "$(TARGET_NAME)";
				SWIFT_EMIT_LOC_STRINGS = NO;
				SWIFT_VERSION = 5.0;
				TARGETED_DEVICE_FAMILY = "1,2";
				TEST_HOST = "$(BUILT_PRODUCTS_DIR)/Tic_Tac_Toe.app/$(BUNDLE_EXECUTABLE_FOLDER_PATH)/Tic_Tac_Toe";
			};
			name = Release;
		};
		EB5AA18029716F5C00145765 /* Debug */ = {
			isa = XCBuildConfiguration;
			buildSettings = {
				ALWAYS_EMBED_SWIFT_STANDARD_LIBRARIES = YES;
				CODE_SIGN_STYLE = Automatic;
				CURRENT_PROJECT_VERSION = 1;
				DEVELOPMENT_TEAM = WKR6YG78R4;
				GENERATE_INFOPLIST_FILE = YES;
				MARKETING_VERSION = 1.0;
				PRODUCT_BUNDLE_IDENTIFIER = "ios.Tic-Tac-ToeUITests";
				PRODUCT_NAME = "$(TARGET_NAME)";
				SWIFT_EMIT_LOC_STRINGS = NO;
				SWIFT_VERSION = 5.0;
				TARGETED_DEVICE_FAMILY = "1,2";
				TEST_TARGET_NAME = Tic_Tac_Toe;
			};
			name = Debug;
		};
		EB5AA18129716F5C00145765 /* Release */ = {
			isa = XCBuildConfiguration;
			buildSettings = {
				ALWAYS_EMBED_SWIFT_STANDARD_LIBRARIES = YES;
				CODE_SIGN_STYLE = Automatic;
				CURRENT_PROJECT_VERSION = 1;
				DEVELOPMENT_TEAM = WKR6YG78R4;
				GENERATE_INFOPLIST_FILE = YES;
				MARKETING_VERSION = 1.0;
				PRODUCT_BUNDLE_IDENTIFIER = "ios.Tic-Tac-ToeUITests";
				PRODUCT_NAME = "$(TARGET_NAME)";
				SWIFT_EMIT_LOC_STRINGS = NO;
				SWIFT_VERSION = 5.0;
				TARGETED_DEVICE_FAMILY = "1,2";
				TEST_TARGET_NAME = Tic_Tac_Toe;
			};
			name = Release;
		};
/* End XCBuildConfiguration section */

/* Begin XCConfigurationList section */
		EB5AA15029716F5400145765 /* Build configuration list for PBXProject "Tic_Tac_Toe" */ = {
			isa = XCConfigurationList;
			buildConfigurations = (
				EB5AA17729716F5C00145765 /* Debug */,
				EB5AA17829716F5C00145765 /* Release */,
			);
			defaultConfigurationIsVisible = 0;
			defaultConfigurationName = Release;
		};
		EB5AA17929716F5C00145765 /* Build configuration list for PBXNativeTarget "Tic_Tac_Toe" */ = {
			isa = XCConfigurationList;
			buildConfigurations = (
				EB5AA17A29716F5C00145765 /* Debug */,
				EB5AA17B29716F5C00145765 /* Release */,
			);
			defaultConfigurationIsVisible = 0;
			defaultConfigurationName = Release;
		};
		EB5AA17C29716F5C00145765 /* Build configuration list for PBXNativeTarget "Tic_Tac_ToeTests" */ = {
			isa = XCConfigurationList;
			buildConfigurations = (
				EB5AA17D29716F5C00145765 /* Debug */,
				EB5AA17E29716F5C00145765 /* Release */,
			);
			defaultConfigurationIsVisible = 0;
			defaultConfigurationName = Release;
		};
		EB5AA17F29716F5C00145765 /* Build configuration list for PBXNativeTarget "Tic_Tac_ToeUITests" */ = {
			isa = XCConfigurationList;
			buildConfigurations = (
				EB5AA18029716F5C00145765 /* Debug */,
				EB5AA18129716F5C00145765 /* Release */,
			);
			defaultConfigurationIsVisible = 0;
			defaultConfigurationName = Release;
		};
/* End XCConfigurationList section */
	};
	rootObject = EB5AA14D29716F5400145765 /* Project object */;
}
